# THIS IS AN AUTOGENERATED FILE. DO NOT EDIT THIS FILE DIRECTLY.
# yarn lockfile v1


"@babel/runtime@7.0.0-beta.51":
  version "7.0.0-beta.51"
  resolved "https://registry.yarnpkg.com/@babel/runtime/-/runtime-7.0.0-beta.51.tgz#48b8ed18307034c6620f643514650ca2ccc0165a"
  dependencies:
    core-js "^2.5.7"
    regenerator-runtime "^0.11.1"

Base64@1.0.0:
  version "1.0.0"
  resolved "https://registry.yarnpkg.com/Base64/-/Base64-1.0.0.tgz#b6b73ee342ce64bf66d6003a4536683bf8a349b5"

amdefine@>=0.0.4:
  version "1.0.1"
  resolved "https://registry.yarnpkg.com/amdefine/-/amdefine-1.0.1.tgz#4a5282ac164729e93619bcfd3ad151f817ce91f5"

asap@~2.0.3:
  version "2.0.6"
  resolved "https://registry.yarnpkg.com/asap/-/asap-2.0.6.tgz#e50347611d7e690943208bbdafebcbc2fb866d46"

atob@^2.1.1:
  version "2.1.1"
  resolved "https://registry.yarnpkg.com/atob/-/atob-2.1.1.tgz#ae2d5a729477f289d60dd7f96a6314a22dd6c22a"

axios@^0.18.0:
  version "0.18.0"
  resolved "https://registry.yarnpkg.com/axios/-/axios-0.18.0.tgz#32d53e4851efdc0a11993b6cd000789d70c05102"
  dependencies:
    follow-redirects "^1.3.0"
    is-buffer "^1.1.5"

case@^1.2.1:
  version "1.5.5"
  resolved "https://registry.yarnpkg.com/case/-/case-1.5.5.tgz#8e832ef0329609a4f3198dee37c029645dc27c72"

classnames@^2.2.5:
  version "2.2.6"
  resolved "https://registry.yarnpkg.com/classnames/-/classnames-2.2.6.tgz#43935bffdd291f326dad0a205309b38d00f650ce"

core-js@^1.0.0:
  version "1.2.7"
  resolved "https://registry.yarnpkg.com/core-js/-/core-js-1.2.7.tgz#652294c14651db28fa93bd2d5ff2983a4f08c636"

core-js@^2.5.7:
  version "2.5.7"
  resolved "https://registry.yarnpkg.com/core-js/-/core-js-2.5.7.tgz#f972608ff0cead68b841a16a932d0b183791814e"

core-util-is@~1.0.0:
  version "1.0.2"
  resolved "https://registry.yarnpkg.com/core-util-is/-/core-util-is-1.0.2.tgz#b5fd54220aa2bc5ab57aab7140c940754503c1a7"

create-react-class@^15.6.0:
  version "15.6.3"
  resolved "https://registry.yarnpkg.com/create-react-class/-/create-react-class-15.6.3.tgz#2d73237fb3f970ae6ebe011a9e66f46dbca80036"
  dependencies:
    fbjs "^0.8.9"
    loose-envify "^1.3.1"
    object-assign "^4.1.1"

create-react-context@0.2.1:
  version "0.2.1"
  resolved "https://registry.yarnpkg.com/create-react-context/-/create-react-context-0.2.1.tgz#425a3d96f4b7690c2fbf20aed5aeae2e2007a959"
  dependencies:
    fbjs "^0.8.0"
    gud "^1.0.0"

css@2.2.3:
  version "2.2.3"
  resolved "https://registry.yarnpkg.com/css/-/css-2.2.3.tgz#f861f4ba61e79bedc962aa548e5780fd95cbc6be"
  dependencies:
    inherits "^2.0.1"
    source-map "^0.1.38"
    source-map-resolve "^0.5.1"
    urix "^0.1.0"

date-fns@^1.29.0:
  version "1.29.0"
  resolved "https://registry.yarnpkg.com/date-fns/-/date-fns-1.29.0.tgz#12e609cdcb935127311d04d33334e2960a2a54e6"

debug@^2.2.0, debug@^2.6.8:
  version "2.6.9"
  resolved "https://registry.yarnpkg.com/debug/-/debug-2.6.9.tgz#5d128515df134ff327e90a4c93f4e077a536341f"
  dependencies:
    ms "2.0.0"

debug@^3.1.0:
  version "3.1.0"
  resolved "https://registry.yarnpkg.com/debug/-/debug-3.1.0.tgz#5bb5a0672628b64149566ba16819e61518c67261"
  dependencies:
    ms "2.0.0"

decode-uri-component@^0.2.0:
  version "0.2.0"
  resolved "https://registry.yarnpkg.com/decode-uri-component/-/decode-uri-component-0.2.0.tgz#eb3913333458775cb84cd1a1fae062106bb87545"

deepmerge@^2.1.0:
  version "2.1.1"
  resolved "https://registry.yarnpkg.com/deepmerge/-/deepmerge-2.1.1.tgz#e862b4e45ea0555072bf51e7fd0d9845170ae768"

dom-serializer@0:
  version "0.1.0"
  resolved "https://registry.yarnpkg.com/dom-serializer/-/dom-serializer-0.1.0.tgz#073c697546ce0780ce23be4a28e293e40bc30c82"
  dependencies:
    domelementtype "~1.1.1"
    entities "~1.1.1"

dom-walk@^0.1.0:
  version "0.1.1"
  resolved "https://registry.yarnpkg.com/dom-walk/-/dom-walk-0.1.1.tgz#672226dc74c8f799ad35307df936aba11acd6018"

domelementtype@1, domelementtype@^1.3.0:
  version "1.3.0"
  resolved "https://registry.yarnpkg.com/domelementtype/-/domelementtype-1.3.0.tgz#b17aed82e8ab59e52dd9c19b1756e0fc187204c2"

domelementtype@~1.1.1:
  version "1.1.3"
  resolved "https://registry.yarnpkg.com/domelementtype/-/domelementtype-1.1.3.tgz#bd28773e2642881aec51544924299c5cd822185b"

domhandler@2.3.0:
  version "2.3.0"
  resolved "https://registry.yarnpkg.com/domhandler/-/domhandler-2.3.0.tgz#2de59a0822d5027fabff6f032c2b25a2a8abe738"
  dependencies:
    domelementtype "1"

domhandler@^2.3.0:
  version "2.4.2"
  resolved "https://registry.yarnpkg.com/domhandler/-/domhandler-2.4.2.tgz#8805097e933d65e85546f726d60f5eb88b44f803"
  dependencies:
    domelementtype "1"

domutils@^1.5.1:
  version "1.7.0"
  resolved "https://registry.yarnpkg.com/domutils/-/domutils-1.7.0.tgz#56ea341e834e06e6748af7a1cb25da67ea9f8c2a"
  dependencies:
    dom-serializer "0"
    domelementtype "1"

dotenv@^5.0.1:
  version "5.0.1"
  resolved "https://registry.yarnpkg.com/dotenv/-/dotenv-5.0.1.tgz#a5317459bd3d79ab88cff6e44057a6a3fbb1fcef"

encoding@^0.1.11:
  version "0.1.12"
  resolved "https://registry.yarnpkg.com/encoding/-/encoding-0.1.12.tgz#538b66f3ee62cd1ab51ec323829d1f9480c74beb"
  dependencies:
    iconv-lite "~0.4.13"

entities@^1.1.1, entities@~1.1.1:
  version "1.1.1"
  resolved "https://registry.yarnpkg.com/entities/-/entities-1.1.1.tgz#6e5c2d0a5621b5dadaecef80b90edfb5cd7772f0"

escape-string-regexp@1.0.5:
  version "1.0.5"
  resolved "https://registry.yarnpkg.com/escape-string-regexp/-/escape-string-regexp-1.0.5.tgz#1b61c0562190a8dff6ae3bb2cf0200ca130b86d4"

fast-levenshtein@^2.0.6:
  version "2.0.6"
  resolved "https://registry.yarnpkg.com/fast-levenshtein/-/fast-levenshtein-2.0.6.tgz#3d8a5c66883a16a30ca8643e851f19baa7797917"

fbjs@*, fbjs@^0.8.0, fbjs@^0.8.16, fbjs@^0.8.9:
  version "0.8.17"
  resolved "https://registry.yarnpkg.com/fbjs/-/fbjs-0.8.17.tgz#c4d598ead6949112653d6588b01a5cdcd9f90fdd"
  dependencies:
    core-js "^1.0.0"
    isomorphic-fetch "^2.1.1"
    loose-envify "^1.0.0"
    object-assign "^4.1.0"
    promise "^7.1.1"
    setimmediate "^1.0.5"
    ua-parser-js "^0.7.18"

fn-name@~1.0.1:
  version "1.0.1"
  resolved "https://registry.yarnpkg.com/fn-name/-/fn-name-1.0.1.tgz#de8d8a15388b33cbf2145782171f73770c6030f0"

follow-redirects@^1.3.0:
  version "1.5.3"
  resolved "https://registry.yarnpkg.com/follow-redirects/-/follow-redirects-1.5.3.tgz#ba150caf15e2f0b30c789993be9b912db553855b"
  dependencies:
    debug "^3.1.0"

formik@^0.11.11:
  version "0.11.11"
  resolved "https://registry.yarnpkg.com/formik/-/formik-0.11.11.tgz#4b02838133c0196b1ef443aa973766cd097ec4a5"
  dependencies:
    lodash.clonedeep "^4.5.0"
    lodash.isequal "4.5.0"
    lodash.topath "4.5.2"
    prop-types "^15.5.10"
    warning "^3.0.0"

gitbook-plugin-github@^2.0.0:
  version "2.0.0"
  resolved "https://registry.yarnpkg.com/gitbook-plugin-github/-/gitbook-plugin-github-2.0.0.tgz#5166e763cfcc402d432880b7a6c85c1c54b56a8d"

global@^4.3.0:
  version "4.3.2"
  resolved "https://registry.yarnpkg.com/global/-/global-4.3.2.tgz#e76989268a6c74c38908b1305b10fc0e394e9d0f"
  dependencies:
    min-document "^2.19.0"
    process "~0.5.1"

gud@^1.0.0:
  version "1.0.0"
  resolved "https://registry.yarnpkg.com/gud/-/gud-1.0.0.tgz#a489581b17e6a70beca9abe3ae57de7a499852c0"

history@^4.7.2:
  version "4.7.2"
  resolved "https://registry.yarnpkg.com/history/-/history-4.7.2.tgz#22b5c7f31633c5b8021c7f4a8a954ac139ee8d5b"
  dependencies:
    invariant "^2.2.1"
    loose-envify "^1.2.0"
    resolve-pathname "^2.2.0"
    value-equal "^0.4.0"
    warning "^3.0.0"

hoist-non-react-statics@2.5.0:
  version "2.5.0"
  resolved "https://registry.yarnpkg.com/hoist-non-react-statics/-/hoist-non-react-statics-2.5.0.tgz#d2ca2dfc19c5a91c5a6615ce8e564ef0347e2a40"

hoist-non-react-statics@^1.2.0:
  version "1.2.0"
  resolved "https://registry.yarnpkg.com/hoist-non-react-statics/-/hoist-non-react-statics-1.2.0.tgz#aa448cf0986d55cc40773b17174b7dd066cb7cfb"

hoist-non-react-statics@^2.5.0:
  version "2.5.5"
  resolved "https://registry.yarnpkg.com/hoist-non-react-statics/-/hoist-non-react-statics-2.5.5.tgz#c5903cf409c0dfd908f388e619d86b9c1174cb47"

html-dom-parser@0.1.3:
  version "0.1.3"
  resolved "https://registry.yarnpkg.com/html-dom-parser/-/html-dom-parser-0.1.3.tgz#fe22aa84206a46484069138849f29b154a5ee884"
  dependencies:
    domhandler "2.3.0"
    htmlparser2 "3.9.1"

html-react-parser@^0.4.3:
  version "0.4.6"
  resolved "https://registry.yarnpkg.com/html-react-parser/-/html-react-parser-0.4.6.tgz#b59de40d4007169051ed0e97b17a50463acda2e8"
  dependencies:
    html-dom-parser "0.1.3"
    react-dom-core "0.0.3"
    style-to-object "0.2.1"

htmlparser2@3.9.1:
  version "3.9.1"
  resolved "https://registry.yarnpkg.com/htmlparser2/-/htmlparser2-3.9.1.tgz#621b7a58bc9acd003f7af0a2c9a00aa67c8505d2"
  dependencies:
    domelementtype "^1.3.0"
    domhandler "^2.3.0"
    domutils "^1.5.1"
    entities "^1.1.1"
    inherits "^2.0.1"
    readable-stream "^2.0.2"

htmlparser2@^3.9.0:
  version "3.9.2"
  resolved "https://registry.yarnpkg.com/htmlparser2/-/htmlparser2-3.9.2.tgz#1bdf87acca0f3f9e53fa4fcceb0f4b4cbb00b338"
  dependencies:
    domelementtype "^1.3.0"
    domhandler "^2.3.0"
    domutils "^1.5.1"
    entities "^1.1.1"
    inherits "^2.0.1"
    readable-stream "^2.0.2"

httpplease@^0.16.4:
  version "0.16.4"
  resolved "https://registry.yarnpkg.com/httpplease/-/httpplease-0.16.4.tgz#d382ebe230ef5079080b4e9ffebf316a9e75c0da"
  dependencies:
    urllite "~0.5.0"
    xmlhttprequest "*"
    xtend "~3.0.0"

iconv-lite@~0.4.13:
  version "0.4.23"
  resolved "https://registry.yarnpkg.com/iconv-lite/-/iconv-lite-0.4.23.tgz#297871f63be507adcfbfca715d0cd0eed84e9a63"
  dependencies:
    safer-buffer ">= 2.1.2 < 3"

inherits@^2.0.1, inherits@~2.0.3:
  version "2.0.3"
  resolved "https://registry.yarnpkg.com/inherits/-/inherits-2.0.3.tgz#633c2c83e3da42a502f52466022480f4208261de"

invariant@^2.0.0, invariant@^2.2.1, invariant@^2.2.2, invariant@^2.2.4:
  version "2.2.4"
  resolved "https://registry.yarnpkg.com/invariant/-/invariant-2.2.4.tgz#610f3c92c9359ce1db616e538008d23ff35158e6"
  dependencies:
    loose-envify "^1.0.0"

is-buffer@^1.1.5:
  version "1.1.6"
  resolved "https://registry.yarnpkg.com/is-buffer/-/is-buffer-1.1.6.tgz#efaa2ea9daa0d7ab2ea13a97b2b8ad51fefbe8be"

is-stream@^1.0.1:
  version "1.1.0"
  resolved "https://registry.yarnpkg.com/is-stream/-/is-stream-1.1.0.tgz#12d4a3dd4e68e0b79ceb8dbc84173ae80d91ca44"

isarray@0.0.1:
  version "0.0.1"
  resolved "https://registry.yarnpkg.com/isarray/-/isarray-0.0.1.tgz#8a18acfca9a8f4177e09abfc6038939b05d1eedf"

isarray@~1.0.0:
  version "1.0.0"
  resolved "https://registry.yarnpkg.com/isarray/-/isarray-1.0.0.tgz#bb935d48582cba168c06834957a54a3e07124f11"

isomorphic-fetch@^2.1.1:
  version "2.2.1"
  resolved "https://registry.yarnpkg.com/isomorphic-fetch/-/isomorphic-fetch-2.2.1.tgz#611ae1acf14f5e81f729507472819fe9733558a9"
  dependencies:
    node-fetch "^1.0.1"
    whatwg-fetch ">=0.10.0"

js-cookie@^2.2.0:
  version "2.2.0"
  resolved "https://registry.yarnpkg.com/js-cookie/-/js-cookie-2.2.0.tgz#1b2c279a6eece380a12168b92485265b35b1effb"

"js-tokens@^3.0.0 || ^4.0.0":
  version "4.0.0"
  resolved "https://registry.yarnpkg.com/js-tokens/-/js-tokens-4.0.0.tgz#19203fb59991df98e3a287050d4647cdeaf32499"

json2mq@^0.2.0:
  version "0.2.0"
  resolved "https://registry.yarnpkg.com/json2mq/-/json2mq-0.2.0.tgz#b637bd3ba9eabe122c83e9720483aeb10d2c904a"
  dependencies:
    string-convert "^0.2.0"

ldclient-js@1.1.12:
  version "1.1.12"
  resolved "https://registry.yarnpkg.com/ldclient-js/-/ldclient-js-1.1.12.tgz#06ea0dc2326bd84116f0c6674ccd8ff7a83e7d8d"
  dependencies:
    Base64 "1.0.0"
    escape-string-regexp "1.0.5"

lodash-es@^4.17.5, lodash-es@^4.2.1:
  version "4.17.10"
  resolved "https://registry.yarnpkg.com/lodash-es/-/lodash-es-4.17.10.tgz#62cd7104cdf5dd87f235a837f0ede0e8e5117e05"

lodash.camelcase@^4.3.0:
  version "4.3.0"
  resolved "https://registry.yarnpkg.com/lodash.camelcase/-/lodash.camelcase-4.3.0.tgz#b28aa6288a2b9fc651035c7711f65ab6190331a6"

lodash.clonedeep@^4.5.0:
  version "4.5.0"
  resolved "https://registry.yarnpkg.com/lodash.clonedeep/-/lodash.clonedeep-4.5.0.tgz#e23f3f9c4f8fbdde872529c1071857a086e5ccef"

lodash.curry@^4.1.1:
  version "4.1.1"
  resolved "https://registry.yarnpkg.com/lodash.curry/-/lodash.curry-4.1.1.tgz#248e36072ede906501d75966200a86dab8b23170"

lodash.debounce@4.0.8:
  version "4.0.8"
  resolved "https://registry.yarnpkg.com/lodash.debounce/-/lodash.debounce-4.0.8.tgz#82d79bff30a67c4005ffd5e2515300ad9ca4d7af"

lodash.isequal@4.5.0:
  version "4.5.0"
  resolved "https://registry.yarnpkg.com/lodash.isequal/-/lodash.isequal-4.5.0.tgz#415c4478f2bcc30120c22ce10ed3226f7d3e18e0"

lodash.throttle@^4.1.1:
  version "4.1.1"
  resolved "https://registry.yarnpkg.com/lodash.throttle/-/lodash.throttle-4.1.1.tgz#c23e91b710242ac70c37f1e1cda9274cc39bf2f4"

lodash.topath@4.5.2:
  version "4.5.2"
  resolved "https://registry.yarnpkg.com/lodash.topath/-/lodash.topath-4.5.2.tgz#3616351f3bba61994a0931989660bd03254fd009"

lodash@^4.13.1, lodash@^4.17.0, lodash@^4.17.4, lodash@^4.17.5, lodash@^4.2.1:
  version "4.17.10"
  resolved "https://registry.yarnpkg.com/lodash/-/lodash-4.17.10.tgz#1b7793cf7259ea38fb3661d4d38b3260af8ae4e7"

loose-envify@^1.0.0, loose-envify@^1.1.0, loose-envify@^1.2.0, loose-envify@^1.3.1:
  version "1.4.0"
  resolved "https://registry.yarnpkg.com/loose-envify/-/loose-envify-1.4.0.tgz#71ee51fa7be4caec1a63839f7e682d8132d30caf"
  dependencies:
    js-tokens "^3.0.0 || ^4.0.0"

memoize-one@^4.0.0:
  version "4.0.0"
  resolved "https://registry.yarnpkg.com/memoize-one/-/memoize-one-4.0.0.tgz#fc5e2f1427a216676a62ec652cf7398cfad123db"

min-document@^2.19.0:
  version "2.19.0"
  resolved "https://registry.yarnpkg.com/min-document/-/min-document-2.19.0.tgz#7bd282e3f5842ed295bb748cdd9f1ffa2c824685"
  dependencies:
    dom-walk "^0.1.0"

ms@2.0.0:
  version "2.0.0"
  resolved "https://registry.yarnpkg.com/ms/-/ms-2.0.0.tgz#5608aeadfc00be6c2901df5f9861788de0d597c8"

node-fetch@^1.0.1:
  version "1.7.3"
  resolved "https://registry.yarnpkg.com/node-fetch/-/node-fetch-1.7.3.tgz#980f6f72d85211a5347c6b2bc18c5b84c3eb47ef"
  dependencies:
    encoding "^0.1.11"
    is-stream "^1.0.1"

object-assign@*, object-assign@^4.1.0, object-assign@^4.1.1:
  version "4.1.1"
  resolved "https://registry.yarnpkg.com/object-assign/-/object-assign-4.1.1.tgz#2109adc7965887cfc05cbbd442cac8bfbb360863"

once@^1.4.0:
  version "1.4.0"
  resolved "https://registry.yarnpkg.com/once/-/once-1.4.0.tgz#583b1aa775961d4b113ac17d9c50baef9dd76bd1"
  dependencies:
    wrappy "1"

path-to-regexp@^1.7.0:
  version "1.7.0"
  resolved "https://registry.yarnpkg.com/path-to-regexp/-/path-to-regexp-1.7.0.tgz#59fde0f435badacba103a84e9d3bc64e96b9937d"
  dependencies:
    isarray "0.0.1"

process-nextick-args@~2.0.0:
  version "2.0.0"
  resolved "https://registry.yarnpkg.com/process-nextick-args/-/process-nextick-args-2.0.0.tgz#a37d732f4271b4ab1ad070d35508e8290788ffaa"

process@~0.5.1:
  version "0.5.2"
  resolved "https://registry.yarnpkg.com/process/-/process-0.5.2.tgz#1638d8a8e34c2f440a91db95ab9aeb677fc185cf"

promise@^7.1.1:
  version "7.3.1"
  resolved "https://registry.yarnpkg.com/promise/-/promise-7.3.1.tgz#064b72602b18f90f29192b8b1bc418ffd1ebd3bf"
  dependencies:
    asap "~2.0.3"

prop-types@^15.5.0, prop-types@^15.5.10, prop-types@^15.5.6, prop-types@^15.5.8, prop-types@^15.6.0, prop-types@^15.6.1:
  version "15.6.2"
  resolved "https://registry.yarnpkg.com/prop-types/-/prop-types-15.6.2.tgz#05d5ca77b4453e985d60fc7ff8c859094a497102"
  dependencies:
    loose-envify "^1.3.1"
    object-assign "^4.1.1"

property-expr@^1.2.0:
  version "1.5.1"
  resolved "https://registry.yarnpkg.com/property-expr/-/property-expr-1.5.1.tgz#22e8706894a0c8e28d58735804f6ba3a3673314f"

qs@^6.5.1:
  version "6.5.2"
  resolved "https://registry.yarnpkg.com/qs/-/qs-6.5.2.tgz#cb3ae806e8740444584ef154ce8ee98d403f3e36"

react-breakpoints@^2.0.5:
  version "2.0.5"
  resolved "https://registry.yarnpkg.com/react-breakpoints/-/react-breakpoints-2.0.5.tgz#187a9578e9a5c45a22208a085b4d1f24f28bf76a"
  dependencies:
    create-react-context "0.2.1"
    hoist-non-react-statics "2.5.0"
    lodash.debounce "4.0.8"

react-broadcast@^0.3.1:
  version "0.3.1"
  resolved "https://registry.yarnpkg.com/react-broadcast/-/react-broadcast-0.3.1.tgz#8eb61fc812abc6e6579d373f93649163a97c26dd"
  dependencies:
    invariant "^2.2.1"
    prop-types "^15.5.6"

react-dom-core@0.0.3:
  version "0.0.3"
  resolved "https://registry.yarnpkg.com/react-dom-core/-/react-dom-core-0.0.3.tgz#422d8efac874bed36731c3128281d33b346dd2af"
  dependencies:
    react "15"
  optionalDependencies:
    fbjs "*"
    object-assign "*"

react-dom@^16.3.1:
  version "16.4.2"
  resolved "https://registry.yarnpkg.com/react-dom/-/react-dom-16.4.2.tgz#4afed569689f2c561d2b8da0b819669c38a0bda4"
  dependencies:
    fbjs "^0.8.16"
    loose-envify "^1.1.0"
    object-assign "^4.1.1"
    prop-types "^15.6.0"

react-fns@^1.4.0:
  version "1.4.0"
  resolved "https://registry.yarnpkg.com/react-fns/-/react-fns-1.4.0.tgz#7b74017f9850849560dfe98f98bba3f7948495b5"
  dependencies:
    qs "^6.5.1"
    react-media "^1.6.1"

react-hot-loader@^4.2.0:
  version "4.3.4"
  resolved "https://registry.yarnpkg.com/react-hot-loader/-/react-hot-loader-4.3.4.tgz#4f9bdd55bb20d77a6ae8931fa1c187e5f0ce6279"
  dependencies:
    fast-levenshtein "^2.0.6"
    global "^4.3.0"
    hoist-non-react-statics "^2.5.0"
    prop-types "^15.6.1"
    react-lifecycles-compat "^3.0.4"
    shallowequal "^1.0.2"

react-html-parser@^2.0.2:
  version "2.0.2"
  resolved "https://registry.yarnpkg.com/react-html-parser/-/react-html-parser-2.0.2.tgz#6dbe1ddd2cebc1b34ca15215158021db5fc5685e"
  dependencies:
    htmlparser2 "^3.9.0"

react-inlinesvg@^0.8.1:
  version "0.8.1"
  resolved "https://registry.yarnpkg.com/react-inlinesvg/-/react-inlinesvg-0.8.1.tgz#d981da38985d2cd0b83628eaf918ca4834f02b5d"
  dependencies:
    httpplease "^0.16.4"
    once "^1.4.0"

react-launch-darkly@^1.3.1:
  version "1.4.0"
  resolved "https://registry.yarnpkg.com/react-launch-darkly/-/react-launch-darkly-1.4.0.tgz#b6abd536bafa7f679be90572775fea3a294de047"
  dependencies:
    ldclient-js "1.1.12"
    react-broadcast "^0.3.1"

react-lifecycles-compat@^3.0.4:
  version "3.0.4"
  resolved "https://registry.yarnpkg.com/react-lifecycles-compat/-/react-lifecycles-compat-3.0.4.tgz#4f1a273afdfc8f3488a8c516bfda78f872352362"

react-loadable@^5.3.1:
  version "5.5.0"
  resolved "https://registry.yarnpkg.com/react-loadable/-/react-loadable-5.5.0.tgz#582251679d3da86c32aae2c8e689c59f1196d8c4"
  dependencies:
    prop-types "^15.5.0"

react-media@^1.6.1:
  version "1.8.0"
  resolved "https://registry.yarnpkg.com/react-media/-/react-media-1.8.0.tgz#b86d6d62313f95d53af7d06e23d4f49adfb131d3"
  dependencies:
    invariant "^2.2.2"
    json2mq "^0.2.0"
    prop-types "^15.5.10"

react-redux-analytics-sitecatalyst@^0.0.5:
  version "0.0.5"
  resolved "https://registry.yarnpkg.com/react-redux-analytics-sitecatalyst/-/react-redux-analytics-sitecatalyst-0.0.5.tgz#a2598d8ff91ca8be18b9379717c5f6a1a7bfae5d"
  dependencies:
    debug "^2.2.0"
    lodash "^4.13.1"
    react-redux-analytics "^0.1.3"

react-redux-analytics@^0.1.3, react-redux-analytics@^0.1.6:
  version "0.1.6"
  resolved "https://registry.yarnpkg.com/react-redux-analytics/-/react-redux-analytics-0.1.6.tgz#17d28538280f465c0c9d9431d8e7339de21996dc"
  dependencies:
    debug "^2.6.8"
    hoist-non-react-statics "^1.2.0"
    lodash "^4.17.4"
    prop-types "^15.5.10"
    redux-actions "^2.2.1"

react-redux@^5.0.7:
  version "5.0.7"
  resolved "https://registry.yarnpkg.com/react-redux/-/react-redux-5.0.7.tgz#0dc1076d9afb4670f993ffaef44b8f8c1155a4c8"
  dependencies:
    hoist-non-react-statics "^2.5.0"
    invariant "^2.0.0"
    lodash "^4.17.5"
    lodash-es "^4.17.5"
    loose-envify "^1.1.0"
    prop-types "^15.6.0"

react-router-dom@^4.2.2:
  version "4.3.1"
  resolved "https://registry.yarnpkg.com/react-router-dom/-/react-router-dom-4.3.1.tgz#4c2619fc24c4fa87c9fd18f4fb4a43fe63fbd5c6"
  dependencies:
    history "^4.7.2"
    invariant "^2.2.4"
    loose-envify "^1.3.1"
    prop-types "^15.6.1"
    react-router "^4.3.1"
    warning "^4.0.1"

react-router-redux@next:
  version "5.0.0-alpha.9"
  resolved "https://registry.yarnpkg.com/react-router-redux/-/react-router-redux-5.0.0-alpha.9.tgz#825431516e0e6f1fd93b8807f6bd595e23ec3d10"
  dependencies:
    history "^4.7.2"
    prop-types "^15.6.0"
    react-router "^4.2.0"

react-router@^4.2.0, react-router@^4.3.1:
  version "4.3.1"
  resolved "https://registry.yarnpkg.com/react-router/-/react-router-4.3.1.tgz#aada4aef14c809cb2e686b05cee4742234506c4e"
  dependencies:
    history "^4.7.2"
    hoist-non-react-statics "^2.5.0"
    invariant "^2.2.4"
    loose-envify "^1.3.1"
    path-to-regexp "^1.7.0"
    prop-types "^15.6.1"
    warning "^4.0.1"

react-scroll@^1.7.10:
  version "1.7.10"
  resolved "https://registry.yarnpkg.com/react-scroll/-/react-scroll-1.7.10.tgz#b59cfa11a899a362c6489607ed5865c9c5fd0b53"
  dependencies:
    lodash.throttle "^4.1.1"
    prop-types "^15.5.8"

react-spring@^5.1.7:
  version "5.6.6"
  resolved "https://registry.yarnpkg.com/react-spring/-/react-spring-5.6.6.tgz#681f1f1748b5a2bae99ec2ed32f3e83b1c06cb37"
  dependencies:
    "@babel/runtime" "7.0.0-beta.51"
    memoize-one "^4.0.0"

react-tracking@^5.2.1:
  version "5.3.0"
  resolved "https://registry.yarnpkg.com/react-tracking/-/react-tracking-5.3.0.tgz#6107db448084745bc50604d1f3f1f582c0073def"
  dependencies:
    deepmerge "^2.1.0"
    hoist-non-react-statics "^2.5.0"

react@15:
  version "15.6.2"
  resolved "https://registry.yarnpkg.com/react/-/react-15.6.2.tgz#dba0434ab439cfe82f108f0f511663908179aa72"
  dependencies:
    create-react-class "^15.6.0"
    fbjs "^0.8.9"
    loose-envify "^1.1.0"
    object-assign "^4.1.0"
    prop-types "^15.5.10"

react@^16.3.1:
  version "16.4.2"
  resolved "https://registry.yarnpkg.com/react/-/react-16.4.2.tgz#2cd90154e3a9d9dd8da2991149fdca3c260e129f"
  dependencies:
    fbjs "^0.8.16"
    loose-envify "^1.1.0"
    object-assign "^4.1.1"
    prop-types "^15.6.0"

readable-stream@^2.0.2:
  version "2.3.6"
  resolved "https://registry.yarnpkg.com/readable-stream/-/readable-stream-2.3.6.tgz#b11c27d88b8ff1fbe070643cf94b0c79ae1b0aaf"
  dependencies:
    core-util-is "~1.0.0"
    inherits "~2.0.3"
    isarray "~1.0.0"
    process-nextick-args "~2.0.0"
    safe-buffer "~5.1.1"
    string_decoder "~1.1.1"
    util-deprecate "~1.0.1"

reduce-reducers@^0.1.0:
  version "0.1.5"
  resolved "https://registry.yarnpkg.com/reduce-reducers/-/reduce-reducers-0.1.5.tgz#ff77ca8068ff41007319b8b4b91533c7e0e54576"

redux-actions@^2.2.1:
  version "2.6.1"
  resolved "https://registry.yarnpkg.com/redux-actions/-/redux-actions-2.6.1.tgz#42c06e94739fbe6db35db3605abb105bdb3724d8"
  dependencies:
    invariant "^2.2.1"
    lodash.camelcase "^4.3.0"
    lodash.curry "^4.1.1"
    reduce-reducers "^0.1.0"

redux-devtools-extension@^2.13.5:
  version "2.13.5"
  resolved "https://registry.yarnpkg.com/redux-devtools-extension/-/redux-devtools-extension-2.13.5.tgz#3ff34f7227acfeef3964194f5f7fc2765e5c5a39"

redux-observable@^0.18.0:
  version "0.18.0"
  resolved "https://registry.yarnpkg.com/redux-observable/-/redux-observable-0.18.0.tgz#48de1f35554b7ba23a88b18379ca1c93f5124197"
  dependencies:
    gitbook-plugin-github "^2.0.0"

redux@^3.7.2:
  version "3.7.2"
  resolved "https://registry.yarnpkg.com/redux/-/redux-3.7.2.tgz#06b73123215901d25d065be342eb026bc1c8537b"
  dependencies:
    lodash "^4.2.1"
    lodash-es "^4.2.1"
    loose-envify "^1.1.0"
    symbol-observable "^1.0.3"

regenerator-runtime@^0.11.1:
  version "0.11.1"
  resolved "https://registry.yarnpkg.com/regenerator-runtime/-/regenerator-runtime-0.11.1.tgz#be05ad7f9bf7d22e056f9726cee5017fbf19e2e9"

reselect@^3.0.1:
  version "3.0.1"
  resolved "https://registry.yarnpkg.com/reselect/-/reselect-3.0.1.tgz#efdaa98ea7451324d092b2b2163a6a1d7a9a2147"

resolve-pathname@^2.2.0:
  version "2.2.0"
  resolved "https://registry.yarnpkg.com/resolve-pathname/-/resolve-pathname-2.2.0.tgz#7e9ae21ed815fd63ab189adeee64dc831eefa879"

resolve-url@^0.2.1:
  version "0.2.1"
  resolved "https://registry.yarnpkg.com/resolve-url/-/resolve-url-0.2.1.tgz#2c637fe77c893afd2a663fe21aa9080068e2052a"

rxjs@^5.5.8:
  version "5.5.11"
  resolved "https://registry.yarnpkg.com/rxjs/-/rxjs-5.5.11.tgz#f733027ca43e3bec6b994473be4ab98ad43ced87"
  dependencies:
    symbol-observable "1.0.1"

safe-buffer@~5.1.0, safe-buffer@~5.1.1:
  version "5.1.2"
  resolved "https://registry.yarnpkg.com/safe-buffer/-/safe-buffer-5.1.2.tgz#991ec69d296e0313747d59bdfd2b745c35f8828d"

"safer-buffer@>= 2.1.2 < 3":
  version "2.1.2"
  resolved "https://registry.yarnpkg.com/safer-buffer/-/safer-buffer-2.1.2.tgz#44fa161b0187b9549dd84bb91802f9bd8385cd6a"

setimmediate@^1.0.5:
  version "1.0.5"
  resolved "https://registry.yarnpkg.com/setimmediate/-/setimmediate-1.0.5.tgz#290cbb232e306942d7d7ea9b83732ab7856f8285"

shallowequal@^1.0.2:
  version "1.1.0"
  resolved "https://registry.yarnpkg.com/shallowequal/-/shallowequal-1.1.0.tgz#188d521de95b9087404fd4dcb68b13df0ae4e7f8"

source-map-resolve@^0.5.1:
  version "0.5.2"
  resolved "https://registry.yarnpkg.com/source-map-resolve/-/source-map-resolve-0.5.2.tgz#72e2cc34095543e43b2c62b2c4c10d4a9054f259"
  dependencies:
    atob "^2.1.1"
    decode-uri-component "^0.2.0"
    resolve-url "^0.2.1"
    source-map-url "^0.4.0"
    urix "^0.1.0"

source-map-url@^0.4.0:
  version "0.4.0"
  resolved "https://registry.yarnpkg.com/source-map-url/-/source-map-url-0.4.0.tgz#3e935d7ddd73631b97659956d55128e87b5084a3"

source-map@^0.1.38:
  version "0.1.43"
  resolved "https://registry.yarnpkg.com/source-map/-/source-map-0.1.43.tgz#c24bc146ca517c1471f5dacbe2571b2b7f9e3346"
  dependencies:
    amdefine ">=0.0.4"

string-convert@^0.2.0:
  version "0.2.1"
  resolved "https://registry.yarnpkg.com/string-convert/-/string-convert-0.2.1.tgz#6982cc3049fbb4cd85f8b24568b9d9bf39eeff97"

string_decoder@~1.1.1:
  version "1.1.1"
  resolved "https://registry.yarnpkg.com/string_decoder/-/string_decoder-1.1.1.tgz#9cf1611ba62685d7030ae9e4ba34149c3af03fc8"
  dependencies:
    safe-buffer "~5.1.0"

style-to-object@0.2.1:
  version "0.2.1"
  resolved "https://registry.yarnpkg.com/style-to-object/-/style-to-object-0.2.1.tgz#91529ed03a7996aa8ce89274766262984912bbbf"
  dependencies:
    css "2.2.3"

symbol-observable@1.0.1:
  version "1.0.1"
  resolved "https://registry.yarnpkg.com/symbol-observable/-/symbol-observable-1.0.1.tgz#8340fc4702c3122df5d22288f88283f513d3fdd4"

symbol-observable@^1.0.3:
  version "1.2.0"
  resolved "https://registry.yarnpkg.com/symbol-observable/-/symbol-observable-1.2.0.tgz#c22688aed4eab3cdc2dfeacbb561660560a00804"

synchronous-promise@^1.0.18:
  version "1.0.18"
  resolved "https://registry.yarnpkg.com/synchronous-promise/-/synchronous-promise-1.0.18.tgz#936e8763e6554088cdcf78dc64f7473b972fcefc"

toposort@^0.2.10:
  version "0.2.12"
  resolved "https://registry.yarnpkg.com/toposort/-/toposort-0.2.12.tgz#c7d2984f3d48c217315cc32d770888b779491e81"

type-name@^2.0.1:
  version "2.0.2"
  resolved "https://registry.yarnpkg.com/type-name/-/type-name-2.0.2.tgz#efe7d4123d8ac52afff7f40c7e4dec5266008fb4"

ua-parser-js@^0.7.18:
  version "0.7.18"
  resolved "https://registry.yarnpkg.com/ua-parser-js/-/ua-parser-js-0.7.18.tgz#a7bfd92f56edfb117083b69e31d2aa8882d4b1ed"

urix@^0.1.0:
  version "0.1.0"
  resolved "https://registry.yarnpkg.com/urix/-/urix-0.1.0.tgz#da937f7a62e21fec1fd18d49b35c2935067a6c72"

urllite@~0.5.0:
  version "0.5.0"
  resolved "https://registry.yarnpkg.com/urllite/-/urllite-0.5.0.tgz#1b7bb9ca3fb0db9520de113466bbcf7cc341451a"
  dependencies:
    xtend "~4.0.0"

util-deprecate@~1.0.1:
  version "1.0.2"
  resolved "https://registry.yarnpkg.com/util-deprecate/-/util-deprecate-1.0.2.tgz#450d4dc9fa70de732762fbd2d4a28981419a0ccf"

uuid@^3.2.1:
  version "3.3.2"
  resolved "https://registry.yarnpkg.com/uuid/-/uuid-3.3.2.tgz#1b4af4955eb3077c501c23872fc6513811587131"

value-equal@^0.4.0:
  version "0.4.0"
  resolved "https://registry.yarnpkg.com/value-equal/-/value-equal-0.4.0.tgz#c5bdd2f54ee093c04839d71ce2e4758a6890abc7"

warning@^3.0.0:
  version "3.0.0"
  resolved "https://registry.yarnpkg.com/warning/-/warning-3.0.0.tgz#32e5377cb572de4ab04753bdf8821c01ed605b7c"
  dependencies:
    loose-envify "^1.0.0"

warning@^4.0.1:
  version "4.0.1"
  resolved "https://registry.yarnpkg.com/warning/-/warning-4.0.1.tgz#66ce376b7fbfe8a887c22bdf0e7349d73d397745"
  dependencies:
    loose-envify "^1.0.0"

whatwg-fetch@>=0.10.0:
  version "2.0.4"
  resolved "https://registry.yarnpkg.com/whatwg-fetch/-/whatwg-fetch-2.0.4.tgz#dde6a5df315f9d39991aa17621853d720b85566f"

wrappy@1:
  version "1.0.2"
  resolved "https://registry.yarnpkg.com/wrappy/-/wrappy-1.0.2.tgz#b5243d8f3ec1aa35f1364605bc0d1036e30ab69f"

xmlhttprequest@*:
  version "1.8.0"
  resolved "https://registry.yarnpkg.com/xmlhttprequest/-/xmlhttprequest-1.8.0.tgz#67fe075c5c24fef39f9d65f5f7b7fe75171968fc"

xtend@~3.0.0:
  version "3.0.0"
  resolved "https://registry.yarnpkg.com/xtend/-/xtend-3.0.0.tgz#5cce7407baf642cba7becda568111c493f59665a"

xtend@~4.0.0:
  version "4.0.1"
  resolved "https://registry.yarnpkg.com/xtend/-/xtend-4.0.1.tgz#a5c6d532be656e23db820efb943a1f04998d63af"

yup@^0.24.1:
  version "0.24.1"
  resolved "https://registry.yarnpkg.com/yup/-/yup-0.24.1.tgz#2c8a81b5f929ef29aaf77a8b7c9acfa52ab6a7d1"
  dependencies:
    case "^1.2.1"
    fn-name "~1.0.1"
    lodash "^4.17.0"
    property-expr "^1.2.0"
    synchronous-promise "^1.0.18"
    toposort "^0.2.10"
    type-name "^2.0.1"
